// !$*UTF8*$!
{
	archiveVersion = 1;
	classes = {
	};
	objectVersion = 46;
	objects = {

/* Begin PBXBuildFile section */
		D42C6EBE1D5213AC00708321 /* main.m in Sources */ = {isa = PBXBuildFile; fileRef = D42C6EBD1D5213AC00708321 /* main.m */; };
		D42C6EC11D5213AC00708321 /* AppDelegate.m in Sources */ = {isa = PBXBuildFile; fileRef = D42C6EC01D5213AC00708321 /* AppDelegate.m */; };
		D42C6EC41D5213AC00708321 /* ViewController.m in Sources */ = {isa = PBXBuildFile; fileRef = D42C6EC31D5213AC00708321 /* ViewController.m */; };
		D42C6EC71D5213AC00708321 /* Main.storyboard in Resources */ = {isa = PBXBuildFile; fileRef = D42C6EC51D5213AC00708321 /* Main.storyboard */; };
		D42C6EC91D5213AC00708321 /* Assets.xcassets in Resources */ = {isa = PBXBuildFile; fileRef = D42C6EC81D5213AC00708321 /* Assets.xcassets */; };
		D42C6ECC1D5213AC00708321 /* LaunchScreen.storyboard in Resources */ = {isa = PBXBuildFile; fileRef = D42C6ECA1D5213AC00708321 /* LaunchScreen.storyboard */; };
		D42C6ED71D5213AC00708321 /* GitStudyTests.m in Sources */ = {isa = PBXBuildFile; fileRef = D42C6ED61D5213AC00708321 /* GitStudyTests.m */; };
		D42C6EE21D5213AC00708321 /* GitStudyUITests.m in Sources */ = {isa = PBXBuildFile; fileRef = D42C6EE11D5213AC00708321 /* GitStudyUITests.m */; };
		D42C6EF21D54847100708321 /* Person.m in Sources */ = {isa = PBXBuildFile; fileRef = D42C6EF11D54847100708321 /* Person.m */; };
		D44566F01D54A40C00AE7972 /* Student.m in Sources */ = {isa = PBXBuildFile; fileRef = D44566EF1D54A40C00AE7972 /* Student.m */; };
		D44566F31D58704800AE7972 /* StudentManager.m in Sources */ = {isa = PBXBuildFile; fileRef = D44566F21D58704800AE7972 /* StudentManager.m */; };
/* End PBXBuildFile section */

/* Begin PBXContainerItemProxy section */
		D42C6ED31D5213AC00708321 /* PBXContainerItemProxy */ = {
			isa = PBXContainerItemProxy;
			containerPortal = D42C6EB11D5213AC00708321 /* Project object */;
			proxyType = 1;
			remoteGlobalIDString = D42C6EB81D5213AC00708321;
			remoteInfo = GitStudy;
		};
		D42C6EDE1D5213AC00708321 /* PBXContainerItemProxy */ = {
			isa = PBXContainerItemProxy;
			containerPortal = D42C6EB11D5213AC00708321 /* Project object */;
			proxyType = 1;
			remoteGlobalIDString = D42C6EB81D5213AC00708321;
			remoteInfo = GitStudy;
		};
/* End PBXContainerItemProxy section */

/* Begin PBXFileReference section */
		D42C6EB91D5213AC00708321 /* GitStudy.app */ = {isa = PBXFileReference; explicitFileType = wrapper.application; includeInIndex = 0; path = GitStudy.app; sourceTree = BUILT_PRODUCTS_DIR; };
		D42C6EBD1D5213AC00708321 /* main.m */ = {isa = PBXFileReference; lastKnownFileType = sourcecode.c.objc; path = main.m; sourceTree = "<group>"; };
		D42C6EBF1D5213AC00708321 /* AppDelegate.h */ = {isa = PBXFileReference; lastKnownFileType = sourcecode.c.h; path = AppDelegate.h; sourceTree = "<group>"; };
		D42C6EC01D5213AC00708321 /* AppDelegate.m */ = {isa = PBXFileReference; lastKnownFileType = sourcecode.c.objc; path = AppDelegate.m; sourceTree = "<group>"; };
		D42C6EC21D5213AC00708321 /* ViewController.h */ = {isa = PBXFileReference; lastKnownFileType = sourcecode.c.h; path = ViewController.h; sourceTree = "<group>"; };
		D42C6EC31D5213AC00708321 /* ViewController.m */ = {isa = PBXFileReference; lastKnownFileType = sourcecode.c.objc; path = ViewController.m; sourceTree = "<group>"; };
		D42C6EC61D5213AC00708321 /* Base */ = {isa = PBXFileReference; lastKnownFileType = file.storyboard; name = Base; path = Base.lproj/Main.storyboard; sourceTree = "<group>"; };
		D42C6EC81D5213AC00708321 /* Assets.xcassets */ = {isa = PBXFileReference; lastKnownFileType = folder.assetcatalog; path = Assets.xcassets; sourceTree = "<group>"; };
		D42C6ECB1D5213AC00708321 /* Base */ = {isa = PBXFileReference; lastKnownFileType = file.storyboard; name = Base; path = Base.lproj/LaunchScreen.storyboard; sourceTree = "<group>"; };
		D42C6ECD1D5213AC00708321 /* Info.plist */ = {isa = PBXFileReference; lastKnownFileType = text.plist.xml; path = Info.plist; sourceTree = "<group>"; };
		D42C6ED21D5213AC00708321 /* GitStudyTests.xctest */ = {isa = PBXFileReference; explicitFileType = wrapper.cfbundle; includeInIndex = 0; path = GitStudyTests.xctest; sourceTree = BUILT_PRODUCTS_DIR; };
		D42C6ED61D5213AC00708321 /* GitStudyTests.m */ = {isa = PBXFileReference; lastKnownFileType = sourcecode.c.objc; path = GitStudyTests.m; sourceTree = "<group>"; };
		D42C6ED81D5213AC00708321 /* Info.plist */ = {isa = PBXFileReference; lastKnownFileType = text.plist.xml; path = Info.plist; sourceTree = "<group>"; };
		D42C6EDD1D5213AC00708321 /* GitStudyUITests.xctest */ = {isa = PBXFileReference; explicitFileType = wrapper.cfbundle; includeInIndex = 0; path = GitStudyUITests.xctest; sourceTree = BUILT_PRODUCTS_DIR; };
		D42C6EE11D5213AC00708321 /* GitStudyUITests.m */ = {isa = PBXFileReference; lastKnownFileType = sourcecode.c.objc; path = GitStudyUITests.m; sourceTree = "<group>"; };
		D42C6EE31D5213AC00708321 /* Info.plist */ = {isa = PBXFileReference; lastKnownFileType = text.plist.xml; path = Info.plist; sourceTree = "<group>"; };
		D42C6EEF1D54829F00708321 /* runtime.h */ = {isa = PBXFileReference; lastKnownFileType = sourcecode.c.h; path = runtime.h; sourceTree = "<group>"; };
		D42C6EF01D54847100708321 /* Person.h */ = {isa = PBXFileReference; fileEncoding = 4; lastKnownFileType = sourcecode.c.h; path = Person.h; sourceTree = "<group>"; };
		D42C6EF11D54847100708321 /* Person.m */ = {isa = PBXFileReference; fileEncoding = 4; lastKnownFileType = sourcecode.c.objc; path = Person.m; sourceTree = "<group>"; };
		D44566ED1D549D6700AE7972 /* archive_header.h */ = {isa = PBXFileReference; lastKnownFileType = sourcecode.c.h; path = archive_header.h; sourceTree = "<group>"; };
		D44566EE1D54A40C00AE7972 /* Student.h */ = {isa = PBXFileReference; fileEncoding = 4; lastKnownFileType = sourcecode.c.h; path = Student.h; sourceTree = "<group>"; };
		D44566EF1D54A40C00AE7972 /* Student.m */ = {isa = PBXFileReference; fileEncoding = 4; lastKnownFileType = sourcecode.c.objc; path = Student.m; sourceTree = "<group>"; };
		D44566F11D58704800AE7972 /* StudentManager.h */ = {isa = PBXFileReference; fileEncoding = 4; lastKnownFileType = sourcecode.c.h; path = StudentManager.h; sourceTree = "<group>"; };
		D44566F21D58704800AE7972 /* StudentManager.m */ = {isa = PBXFileReference; fileEncoding = 4; lastKnownFileType = sourcecode.c.objc; path = StudentManager.m; sourceTree = "<group>"; };
/* End PBXFileReference section */

/* Begin PBXFrameworksBuildPhase section */
		D42C6EB61D5213AC00708321 /* Frameworks */ = {
			isa = PBXFrameworksBuildPhase;
			buildActionMask = 2147483647;
			files = (
			);
			runOnlyForDeploymentPostprocessing = 0;
		};
		D42C6ECF1D5213AC00708321 /* Frameworks */ = {
			isa = PBXFrameworksBuildPhase;
			buildActionMask = 2147483647;
			files = (
			);
			runOnlyForDeploymentPostprocessing = 0;
		};
		D42C6EDA1D5213AC00708321 /* Frameworks */ = {
			isa = PBXFrameworksBuildPhase;
			buildActionMask = 2147483647;
			files = (
			);
			runOnlyForDeploymentPostprocessing = 0;
		};
/* End PBXFrameworksBuildPhase section */

/* Begin PBXGroup section */
		D42C6EB01D5213AC00708321 = {
			isa = PBXGroup;
			children = (
				D42C6EBB1D5213AC00708321 /* GitStudy */,
				D42C6ED51D5213AC00708321 /* GitStudyTests */,
				D42C6EE01D5213AC00708321 /* GitStudyUITests */,
				D42C6EBA1D5213AC00708321 /* Products */,
			);
			sourceTree = "<group>";
		};
		D42C6EBA1D5213AC00708321 /* Products */ = {
			isa = PBXGroup;
			children = (
				D42C6EB91D5213AC00708321 /* GitStudy.app */,
				D42C6ED21D5213AC00708321 /* GitStudyTests.xctest */,
				D42C6EDD1D5213AC00708321 /* GitStudyUITests.xctest */,
			);
			name = Products;
			sourceTree = "<group>";
		};
		D42C6EBB1D5213AC00708321 /* GitStudy */ = {
			isa = PBXGroup;
			children = (
				D42C6EEF1D54829F00708321 /* runtime.h */,
				D44566ED1D549D6700AE7972 /* archive_header.h */,
				D42C6EBF1D5213AC00708321 /* AppDelegate.h */,
				D42C6EC01D5213AC00708321 /* AppDelegate.m */,
				D42C6EC21D5213AC00708321 /* ViewController.h */,
				D42C6EC31D5213AC00708321 /* ViewController.m */,
				D42C6EF01D54847100708321 /* Person.h */,
				D42C6EF11D54847100708321 /* Person.m */,
				D44566EE1D54A40C00AE7972 /* Student.h */,
				D44566EF1D54A40C00AE7972 /* Student.m */,
				D44566F11D58704800AE7972 /* StudentManager.h */,
				D44566F21D58704800AE7972 /* StudentManager.m */,
				D42C6EC51D5213AC00708321 /* Main.storyboard */,
				D42C6EC81D5213AC00708321 /* Assets.xcassets */,
				D42C6ECA1D5213AC00708321 /* LaunchScreen.storyboard */,
				D42C6ECD1D5213AC00708321 /* Info.plist */,
				D42C6EBC1D5213AC00708321 /* Supporting Files */,
			);
			path = GitStudy;
			sourceTree = "<group>";
		};
		D42C6EBC1D5213AC00708321 /* Supporting Files */ = {
			isa = PBXGroup;
			children = (
				D42C6EBD1D5213AC00708321 /* main.m */,
			);
			name = "Supporting Files";
			sourceTree = "<group>";
		};
		D42C6ED51D5213AC00708321 /* GitStudyTests */ = {
			isa = PBXGroup;
			children = (
				D42C6ED61D5213AC00708321 /* GitStudyTests.m */,
				D42C6ED81D5213AC00708321 /* Info.plist */,
			);
			path = GitStudyTests;
			sourceTree = "<group>";
		};
		D42C6EE01D5213AC00708321 /* GitStudyUITests */ = {
			isa = PBXGroup;
			children = (
				D42C6EE11D5213AC00708321 /* GitStudyUITests.m */,
				D42C6EE31D5213AC00708321 /* Info.plist */,
			);
			path = GitStudyUITests;
			sourceTree = "<group>";
		};
/* End PBXGroup section */

/* Begin PBXNativeTarget section */
		D42C6EB81D5213AC00708321 /* GitStudy */ = {
			isa = PBXNativeTarget;
			buildConfigurationList = D42C6EE61D5213AC00708321 /* Build configuration list for PBXNativeTarget "GitStudy" */;
			buildPhases = (
				D42C6EB51D5213AC00708321 /* Sources */,
				D42C6EB61D5213AC00708321 /* Frameworks */,
				D42C6EB71D5213AC00708321 /* Resources */,
			);
			buildRules = (
			);
			dependencies = (
			);
			name = GitStudy;
			productName = GitStudy;
			productReference = D42C6EB91D5213AC00708321 /* GitStudy.app */;
			productType = "com.apple.product-type.application";
		};
		D42C6ED11D5213AC00708321 /* GitStudyTests */ = {
			isa = PBXNativeTarget;
			buildConfigurationList = D42C6EE91D5213AC00708321 /* Build configuration list for PBXNativeTarget "GitStudyTests" */;
			buildPhases = (
				D42C6ECE1D5213AC00708321 /* Sources */,
				D42C6ECF1D5213AC00708321 /* Frameworks */,
				D42C6ED01D5213AC00708321 /* Resources */,
			);
			buildRules = (
			);
			dependencies = (
				D42C6ED41D5213AC00708321 /* PBXTargetDependency */,
			);
			name = GitStudyTests;
			productName = GitStudyTests;
			productReference = D42C6ED21D5213AC00708321 /* GitStudyTests.xctest */;
			productType = "com.apple.product-type.bundle.unit-test";
		};
		D42C6EDC1D5213AC00708321 /* GitStudyUITests */ = {
			isa = PBXNativeTarget;
			buildConfigurationList = D42C6EEC1D5213AC00708321 /* Build configuration list for PBXNativeTarget "GitStudyUITests" */;
			buildPhases = (
				D42C6ED91D5213AC00708321 /* Sources */,
				D42C6EDA1D5213AC00708321 /* Frameworks */,
				D42C6EDB1D5213AC00708321 /* Resources */,
			);
			buildRules = (
			);
			dependencies = (
				D42C6EDF1D5213AC00708321 /* PBXTargetDependency */,
			);
			name = GitStudyUITests;
			productName = GitStudyUITests;
			productReference = D42C6EDD1D5213AC00708321 /* GitStudyUITests.xctest */;
			productType = "com.apple.product-type.bundle.ui-testing";
		};
/* End PBXNativeTarget section */

/* Begin PBXProject section */
		D42C6EB11D5213AC00708321 /* Project object */ = {
			isa = PBXProject;
			attributes = {
				LastUpgradeCheck = 0730;
				ORGANIZATIONNAME = "李浩";
				TargetAttributes = {
					D42C6EB81D5213AC00708321 = {
						CreatedOnToolsVersion = 7.3.1;
						DevelopmentTeam = H6L26YKK9Q;
					};
					D42C6ED11D5213AC00708321 = {
						CreatedOnToolsVersion = 7.3.1;
						DevelopmentTeam = H6L26YKK9Q;
						TestTargetID = D42C6EB81D5213AC00708321;
					};
					D42C6EDC1D5213AC00708321 = {
						CreatedOnToolsVersion = 7.3.1;
						DevelopmentTeam = H6L26YKK9Q;
						TestTargetID = D42C6EB81D5213AC00708321;
					};
				};
			};
			buildConfigurationList = D42C6EB41D5213AC00708321 /* Build configuration list for PBXProject "GitStudy" */;
			compatibilityVersion = "Xcode 3.2";
			developmentRegion = English;
			hasScannedForEncodings = 0;
			knownRegions = (
				en,
				Base,
			);
			mainGroup = D42C6EB01D5213AC00708321;
			productRefGroup = D42C6EBA1D5213AC00708321 /* Products */;
			projectDirPath = "";
			projectRoot = "";
			targets = (
				D42C6EB81D5213AC00708321 /* GitStudy */,
				D42C6ED11D5213AC00708321 /* GitStudyTests */,
				D42C6EDC1D5213AC00708321 /* GitStudyUITests */,
			);
		};
/* End PBXProject section */

/* Begin PBXResourcesBuildPhase section */
		D42C6EB71D5213AC00708321 /* Resources */ = {
			isa = PBXResourcesBuildPhase;
			buildActionMask = 2147483647;
			files = (
				D42C6ECC1D5213AC00708321 /* LaunchScreen.storyboard in Resources */,
				D42C6EC91D5213AC00708321 /* Assets.xcassets in Resources */,
				D42C6EC71D5213AC00708321 /* Main.storyboard in Resources */,
			);
			runOnlyForDeploymentPostprocessing = 0;
		};
		D42C6ED01D5213AC00708321 /* Resources */ = {
			isa = PBXResourcesBuildPhase;
			buildActionMask = 2147483647;
			files = (
			);
			runOnlyForDeploymentPostprocessing = 0;
		};
		D42C6EDB1D5213AC00708321 /* Resources */ = {
			isa = PBXResourcesBuildPhase;
			buildActionMask = 2147483647;
			files = (
			);
			runOnlyForDeploymentPostprocessing = 0;
		};
/* End PBXResourcesBuildPhase section */

/* Begin PBXSourcesBuildPhase section */
		D42C6EB51D5213AC00708321 /* Sources */ = {
			isa = PBXSourcesBuildPhase;
			buildActionMask = 2147483647;
			files = (
				D42C6EC41D5213AC00708321 /* ViewController.m in Sources */,
				D44566F31D58704800AE7972 /* StudentManager.m in Sources */,
				D42C6EC11D5213AC00708321 /* AppDelegate.m in Sources */,
				D44566F01D54A40C00AE7972 /* Student.m in Sources */,
				D42C6EF21D54847100708321 /* Person.m in Sources */,
				D42C6EBE1D5213AC00708321 /* main.m in Sources */,
			);
			runOnlyForDeploymentPostprocessing = 0;
		};
		D42C6ECE1D5213AC00708321 /* Sources */ = {
			isa = PBXSourcesBuildPhase;
			buildActionMask = 2147483647;
			files = (
				D42C6ED71D5213AC00708321 /* GitStudyTests.m in Sources */,
			);
			runOnlyForDeploymentPostprocessing = 0;
		};
		D42C6ED91D5213AC00708321 /* Sources */ = {
			isa = PBXSourcesBuildPhase;
			buildActionMask = 2147483647;
			files = (
				D42C6EE21D5213AC00708321 /* GitStudyUITests.m in Sources */,
			);
			runOnlyForDeploymentPostprocessing = 0;
		};
/* End PBXSourcesBuildPhase section */

/* Begin PBXTargetDependency section */
		D42C6ED41D5213AC00708321 /* PBXTargetDependency */ = {
			isa = PBXTargetDependency;
			target = D42C6EB81D5213AC00708321 /* GitStudy */;
			targetProxy = D42C6ED31D5213AC00708321 /* PBXContainerItemProxy */;
		};
		D42C6EDF1D5213AC00708321 /* PBXTargetDependency */ = {
			isa = PBXTargetDependency;
			target = D42C6EB81D5213AC00708321 /* GitStudy */;
			targetProxy = D42C6EDE1D5213AC00708321 /* PBXContainerItemProxy */;
		};
/* End PBXTargetDependency section */

/* Begin PBXVariantGroup section */
		D42C6EC51D5213AC00708321 /* Main.storyboard */ = {
			isa = PBXVariantGroup;
			children = (
				D42C6EC61D5213AC00708321 /* Base */,
			);
			name = Main.storyboard;
			sourceTree = "<group>";
		};
		D42C6ECA1D5213AC00708321 /* LaunchScreen.storyboard */ = {
			isa = PBXVariantGroup;
			children = (
				D42C6ECB1D5213AC00708321 /* Base */,
			);
			name = LaunchScreen.storyboard;
			sourceTree = "<group>";
		};
/* End PBXVariantGroup section */

/* Begin XCBuildConfiguration section */
		D42C6EE41D5213AC00708321 /* Debug */ = {
			isa = XCBuildConfiguration;
			buildSettings = {
				ALWAYS_SEARCH_USER_PATHS = NO;
				CLANG_ANALYZER_NONNULL = YES;
				CLANG_CXX_LANGUAGE_STANDARD = "gnu++0x";
				CLANG_CXX_LIBRARY = "libc++";
				CLANG_ENABLE_MODULES = YES;
				CLANG_ENABLE_OBJC_ARC = YES;
				CLANG_WARN_BOOL_CONVERSION = YES;
				CLANG_WARN_CONSTANT_CONVERSION = YES;
				CLANG_WARN_DIRECT_OBJC_ISA_USAGE = YES_ERROR;
				CLANG_WARN_EMPTY_BODY = YES;
				CLANG_WARN_ENUM_CONVERSION = YES;
				CLANG_WARN_INT_CONVERSION = YES;
				CLANG_WARN_OBJC_ROOT_CLASS = YES_ERROR;
				CLANG_WARN_UNREACHABLE_CODE = YES;
				CLANG_WARN__DUPLICATE_METHOD_MATCH = YES;
				"CODE_SIGN_IDENTITY[sdk=iphoneos*]" = "iPhone Developer";
				COPY_PHASE_STRIP = NO;
				DEBUG_INFORMATION_FORMAT = dwarf;
				ENABLE_STRICT_OBJC_MSGSEND = YES;
				ENABLE_TESTABILITY = YES;
				GCC_C_LANGUAGE_STANDARD = gnu99;
				GCC_DYNAMIC_NO_PIC = NO;
				GCC_NO_COMMON_BLOCKS = YES;
				GCC_OPTIMIZATION_LEVEL = 0;
				GCC_PREPROCESSOR_DEFINITIONS = (
					"DEBUG=1",
					"$(inherited)",
				);
				GCC_WARN_64_TO_32_BIT_CONVERSION = YES;
				GCC_WARN_ABOUT_RETURN_TYPE = YES_ERROR;
				GCC_WARN_UNDECLARED_SELECTOR = YES;
				GCC_WARN_UNINITIALIZED_AUTOS = YES_AGGRESSIVE;
				GCC_WARN_UNUSED_FUNCTION = YES;
				GCC_WARN_UNUSED_VARIABLE = YES;
				IPHONEOS_DEPLOYMENT_TARGET = 9.3;
				MTL_ENABLE_DEBUG_INFO = YES;
				ONLY_ACTIVE_ARCH = YES;
				SDKROOT = iphoneos;
			};
			name = Debug;
		};
		D42C6EE51D5213AC00708321 /* Release */ = {
			isa = XCBuildConfiguration;
			buildSettings = {
				ALWAYS_SEARCH_USER_PATHS = NO;
				CLANG_ANALYZER_NONNULL = YES;
				CLANG_CXX_LANGUAGE_STANDARD = "gnu++0x";
				CLANG_CXX_LIBRARY = "libc++";
				CLANG_ENABLE_MODULES = YES;
				CLANG_ENABLE_OBJC_ARC = YES;
				CLANG_WARN_BOOL_CONVERSION = YES;
				CLANG_WARN_CONSTANT_CONVERSION = YES;
				CLANG_WARN_DIRECT_OBJC_ISA_USAGE = YES_ERROR;
				CLANG_WARN_EMPTY_BODY = YES;
				CLANG_WARN_ENUM_CONVERSION = YES;
				CLANG_WARN_INT_CONVERSION = YES;
				CLANG_WARN_OBJC_ROOT_CLASS = YES_ERROR;
				CLANG_WARN_UNREACHABLE_CODE = YES;
				CLANG_WARN__DUPLICATE_METHOD_MATCH = YES;
				"CODE_SIGN_IDENTITY[sdk=iphoneos*]" = "iPhone Developer";
				COPY_PHASE_STRIP = NO;
				DEBUG_INFORMATION_FORMAT = "dwarf-with-dsym";
				ENABLE_NS_ASSERTIONS = NO;
				ENABLE_STRICT_OBJC_MSGSEND = YES;
				GCC_C_LANGUAGE_STANDARD = gnu99;
				GCC_NO_COMMON_BLOCKS = YES;
				GCC_WARN_64_TO_32_BIT_CONVERSION = YES;
				GCC_WARN_ABOUT_RETURN_TYPE = YES_ERROR;
				GCC_WARN_UNDECLARED_SELECTOR = YES;
				GCC_WARN_UNINITIALIZED_AUTOS = YES_AGGRESSIVE;
				GCC_WARN_UNUSED_FUNCTION = YES;
				GCC_WARN_UNUSED_VARIABLE = YES;
				IPHONEOS_DEPLOYMENT_TARGET = 9.3;
				MTL_ENABLE_DEBUG_INFO = NO;
				SDKROOT = iphoneos;
				VALIDATE_PRODUCT = YES;
			};
			name = Release;
		};
		D42C6EE71D5213AC00708321 /* Debug */ = {
			isa = XCBuildConfiguration;
			buildSettings = {
				ASSETCATALOG_COMPILER_APPICON_NAME = AppIcon;
				INFOPLIST_FILE = GitStudy/Info.plist;
				LD_RUNPATH_SEARCH_PATHS = "$(inherited) @executable_path/Frameworks";
				PRODUCT_BUNDLE_IDENTIFIER = LeeHow.GitStudy;
				PRODUCT_NAME = "$(TARGET_NAME)";
			};
			name = Debug;
		};
		D42C6EE81D5213AC00708321 /* Release */ = {
			isa = XCBuildConfiguration;
			buildSettings = {
				ASSETCATALOG_COMPILER_APPICON_NAME = AppIcon;
				INFOPLIST_FILE = GitStudy/Info.plist;
				LD_RUNPATH_SEARCH_PATHS = "$(inherited) @executable_path/Frameworks";
				PRODUCT_BUNDLE_IDENTIFIER = LeeHow.GitStudy;
				PRODUCT_NAME = "$(TARGET_NAME)";
			};
			name = Release;
		};
		D42C6EEA1D5213AC00708321 /* Debug */ = {
			isa = XCBuildConfiguration;
			buildSettings = {
				BUNDLE_LOADER = "$(TEST_HOST)";
				INFOPLIST_FILE = GitStudyTests/Info.plist;
				LD_RUNPATH_SEARCH_PATHS = "$(inherited) @executable_path/Frameworks @loader_path/Frameworks";
				PRODUCT_BUNDLE_IDENTIFIER = LeeHow.GitStudyTests;
				PRODUCT_NAME = "$(TARGET_NAME)";
				TEST_HOST = "$(BUILT_PRODUCTS_DIR)/GitStudy.app/GitStudy";
			};
			name = Debug;
		};
		D42C6EEB1D5213AC00708321 /* Release */ = {
			isa = XCBuildConfiguration;
			buildSettings = {
				BUNDLE_LOADER = "$(TEST_HOST)";
				INFOPLIST_FILE = GitStudyTests/Info.plist;
				LD_RUNPATH_SEARCH_PATHS = "$(inherited) @executable_path/Frameworks @loader_path/Frameworks";
				PRODUCT_BUNDLE_IDENTIFIER = LeeHow.GitStudyTests;
				PRODUCT_NAME = "$(TARGET_NAME)";
				TEST_HOST = "$(BUILT_PRODUCTS_DIR)/GitStudy.app/GitStudy";
			};
			name = Release;
		};
		D42C6EED1D5213AC00708321 /* Debug */ = {
			isa = XCBuildConfiguration;
			buildSettings = {
				INFOPLIST_FILE = GitStudyUITests/Info.plist;
				LD_RUNPATH_SEARCH_PATHS = "$(inherited) @executable_path/Frameworks @loader_path/Frameworks";
				PRODUCT_BUNDLE_IDENTIFIER = LeeHow.GitStudyUITests;
				PRODUCT_NAME = "$(TARGET_NAME)";
				TEST_TARGET_NAME = GitStudy;
			};
			name = Debug;
		};
		D42C6EEE1D5213AC00708321 /* Release */ = {
			isa = XCBuildConfiguration;
			buildSettings = {
				INFOPLIST_FILE = GitStudyUITests/Info.plist;
				LD_RUNPATH_SEARCH_PATHS = "$(inherited) @executable_path/Frameworks @loader_path/Frameworks";
				PRODUCT_BUNDLE_IDENTIFIER = LeeHow.GitStudyUITests;
				PRODUCT_NAME = "$(TARGET_NAME)";
				TEST_TARGET_NAME = GitStudy;
			};
			name = Release;
		};
/* End XCBuildConfiguration section */

/* Begin XCConfigurationList section */
		D42C6EB41D5213AC00708321 /* Build configuration list for PBXProject "GitStudy" */ = {
			isa = XCConfigurationList;
			buildConfigurations = (
				D42C6EE41D5213AC00708321 /* Debug */,
				D42C6EE51D5213AC00708321 /* Release */,
			);
			defaultConfigurationIsVisible = 0;
			defaultConfigurationName = Release;
		};
		D42C6EE61D5213AC00708321 /* Build configuration list for PBXNativeTarget "GitStudy" */ = {
			isa = XCConfigurationList;
			buildConfigurations = (
				D42C6EE71D5213AC00708321 /* Debug */,
				D42C6EE81D5213AC00708321 /* Release */,
			);
			defaultConfigurationIsVisible = 0;
			defaultConfigurationName = Release;
		};
		D42C6EE91D5213AC00708321 /* Build configuration list for PBXNativeTarget "GitStudyTests" */ = {
			isa = XCConfigurationList;
			buildConfigurations = (
				D42C6EEA1D5213AC00708321 /* Debug */,
				D42C6EEB1D5213AC00708321 /* Release */,
			);
			defaultConfigurationIsVisible = 0;
			defaultConfigurationName = Release;
		};
		D42C6EEC1D5213AC00708321 /* Build configuration list for PBXNativeTarget "GitStudyUITests" */ = {
			isa = XCConfigurationList;
			buildConfigurations = (
				D42C6EED1D5213AC00708321 /* Debug */,
				D42C6EEE1D5213AC00708321 /* Release */,
			);
			defaultConfigurationIsVisible = 0;
			defaultConfigurationName = Release;
		};
/* End XCConfigurationList section */
	};
	rootObject = D42C6EB11D5213AC00708321 /* Project object */;
}
